
Microsoft Visual Studio Solution File, Format Version 12.00
# Visual Studio Version 16
VisualStudioVersion = 16.0.809.3
MinimumVisualStudioVersion = 10.0.40219.1
Project("{FAE04EC0-301F-11D3-BF4B-00C04F79EFBC}") = "TextQuestKapkaev", "TextQuestKapkaev\TextQuestKapkaev.csproj", "{7F97DEBE-705C-4EF5-8B34-1FB9B545868A}"
EndProject
Global
	GlobalSection(SolutionConfigurationPlatforms) = preSolution
		Debug|Any CPU = Debug|Any CPU
		Release|Any CPU = Release|Any CPU
	EndGlobalSection
	GlobalSection(ProjectConfigurationPlatforms) = postSolution
		{7F97DEBE-705C-4EF5-8B34-1FB9B545868A}.Debug|Any CPU.ActiveCfg = Debug|Any CPU
		{7F97DEBE-705C-4EF5-8B34-1FB9B545868A}.Debug|Any CPU.Build.0 = Debug|Any CPU
		{7F97DEBE-705C-4EF5-8B34-1FB9B545868A}.Release|Any CPU.ActiveCfg = Release|Any CPU
		{7F97DEBE-705C-4EF5-8B34-1FB9B545868A}.Release|Any CPU.Build.0 = Release|Any CPU
	EndGlobalSection
	GlobalSection(SolutionProperties) = preSolution
		HideSolutionNode = FALSE
	EndGlobalSection
	GlobalSection(ExtensibilityGlobals) = postSolution
		SolutionGuid = {E531CEE3-6F67-4B9D-8E1A-4AD24752E2C0}
	EndGlobalSection
EndGlobal
